// !$*UTF8*$!
{
	archiveVersion = 1;
	classes = {
	};
	objectVersion = 48;
	objects = {

/* Begin PBXBuildFile section */
		55F3CBE1173717A6B13AC6DE /* Pods_TTCheckUITests.framework in Frameworks */ = {isa = PBXBuildFile; fileRef = 6FC1EB5BF5B68C185B29A49E /* Pods_TTCheckUITests.framework */; };
		8D3582BB1FDF2A3500193D2E /* Assets.xcassets in Resources */ = {isa = PBXBuildFile; fileRef = E8B521CD1FCE485B00131AEE /* Assets.xcassets */; };
		953308BCF3871DE19C1FECC0 /* Pods_TTCheckTests.framework in Frameworks */ = {isa = PBXBuildFile; fileRef = E17FD70F9D137289DB80196C /* Pods_TTCheckTests.framework */; };
		A3010F658690F07B23444F5A /* Pods_TTCheck.framework in Frameworks */ = {isa = PBXBuildFile; fileRef = 05722EB2448A0C08F1F5AA45 /* Pods_TTCheck.framework */; };
		E816AFBC1FC37ACF00F23B93 /* ApiService.swift in Sources */ = {isa = PBXBuildFile; fileRef = E816AFBB1FC37ACF00F23B93 /* ApiService.swift */; };
		E81713551FDDB105002950C3 /* complicationManifest.json in Resources */ = {isa = PBXBuildFile; fileRef = E81713541FDDB105002950C3 /* complicationManifest.json */; };
		E81CDE451FC354F400EF2590 /* ApiDAO.swift in Sources */ = {isa = PBXBuildFile; fileRef = E81CDE441FC354F400EF2590 /* ApiDAO.swift */; };
		E822D92D1FC2078600E01E06 /* AppDelegate.swift in Sources */ = {isa = PBXBuildFile; fileRef = E822D92C1FC2078600E01E06 /* AppDelegate.swift */; };
		E822D9321FC2078600E01E06 /* Main.storyboard in Resources */ = {isa = PBXBuildFile; fileRef = E822D9301FC2078600E01E06 /* Main.storyboard */; };
		E822D9351FC2078600E01E06 /* TTCheck.xcdatamodeld in Sources */ = {isa = PBXBuildFile; fileRef = E822D9331FC2078600E01E06 /* TTCheck.xcdatamodeld */; };
		E822D9371FC2078600E01E06 /* Assets.xcassets in Resources */ = {isa = PBXBuildFile; fileRef = E822D9361FC2078600E01E06 /* Assets.xcassets */; };
		E822D9451FC2078700E01E06 /* TTCheckTests.swift in Sources */ = {isa = PBXBuildFile; fileRef = E822D9441FC2078700E01E06 /* TTCheckTests.swift */; };
		E822D9501FC2078700E01E06 /* TTCheckUITests.swift in Sources */ = {isa = PBXBuildFile; fileRef = E822D94F1FC2078700E01E06 /* TTCheckUITests.swift */; };
		E822D95E1FC20A8900E01E06 /* HomeTableViewController.swift in Sources */ = {isa = PBXBuildFile; fileRef = E822D95D1FC20A8900E01E06 /* HomeTableViewController.swift */; };
		E822D9601FC20AE600E01E06 /* HomeTableViewCell.swift in Sources */ = {isa = PBXBuildFile; fileRef = E822D95F1FC20AE600E01E06 /* HomeTableViewCell.swift */; };
		E822D9681FC20BE500E01E06 /* ApiDTO.swift in Sources */ = {isa = PBXBuildFile; fileRef = E822D9671FC20BE500E01E06 /* ApiDTO.swift */; };
		E822D96A1FC20C4600E01E06 /* StatusDTO.swift in Sources */ = {isa = PBXBuildFile; fileRef = E822D9691FC20C4600E01E06 /* StatusDTO.swift */; };
		E825697CD5ED8D3ADB53FF2B /* Pods_TTCheck_wachOS_Extension.framework in Frameworks */ = {isa = PBXBuildFile; fileRef = CE7FF2C9D8806386A0579169 /* Pods_TTCheck_wachOS_Extension.framework */; };
		E8475B8920681A9300D91203 /* GoogleService-Info.plist in Resources */ = {isa = PBXBuildFile; fileRef = E8475B8820681A9200D91203 /* GoogleService-Info.plist */; };
		E8475B8A20681A9300D91203 /* GoogleService-Info.plist in Resources */ = {isa = PBXBuildFile; fileRef = E8475B8820681A9200D91203 /* GoogleService-Info.plist */; };
		E8475B8B20681A9300D91203 /* GoogleService-Info.plist in Resources */ = {isa = PBXBuildFile; fileRef = E8475B8820681A9200D91203 /* GoogleService-Info.plist */; };
		E8475B8C20681A9300D91203 /* GoogleService-Info.plist in Resources */ = {isa = PBXBuildFile; fileRef = E8475B8820681A9200D91203 /* GoogleService-Info.plist */; };
		E8475B8D20681A9300D91203 /* GoogleService-Info.plist in Resources */ = {isa = PBXBuildFile; fileRef = E8475B8820681A9200D91203 /* GoogleService-Info.plist */; };
		E86AA8561FC9CB4B00718243 /* AddMonitorTableViewCell.swift in Sources */ = {isa = PBXBuildFile; fileRef = E86AA8551FC9CB4B00718243 /* AddMonitorTableViewCell.swift */; };
		E86AA8591FC9DE5400718243 /* NewMonitorDTO.swift in Sources */ = {isa = PBXBuildFile; fileRef = E86AA8581FC9DE5400718243 /* NewMonitorDTO.swift */; };
		E86AA85B1FC9E17D00718243 /* AddMonitorViewController.swift in Sources */ = {isa = PBXBuildFile; fileRef = E86AA85A1FC9E17D00718243 /* AddMonitorViewController.swift */; };
		E86AA85D1FC9F8EA00718243 /* MonitorDAO.swift in Sources */ = {isa = PBXBuildFile; fileRef = E86AA85C1FC9F8EA00718243 /* MonitorDAO.swift */; };
		E86AA85F1FC9FEAB00718243 /* MonitorService.swift in Sources */ = {isa = PBXBuildFile; fileRef = E86AA85E1FC9FEAB00718243 /* MonitorService.swift */; };
		E86AA8611FCA05FB00718243 /* MonitorStatusDTO.swift in Sources */ = {isa = PBXBuildFile; fileRef = E86AA8601FCA05FB00718243 /* MonitorStatusDTO.swift */; };
		E86AA8651FCB0C8D00718243 /* SplashViewController.swift in Sources */ = {isa = PBXBuildFile; fileRef = E86AA8641FCB0C8D00718243 /* SplashViewController.swift */; };
		E86AB96F1FCB4EA10085F692 /* Launch Screen.storyboard in Resources */ = {isa = PBXBuildFile; fileRef = E86AB96E1FCB4EA10085F692 /* Launch Screen.storyboard */; };
		E86AB9731FCB5F040085F692 /* done.json in Resources */ = {isa = PBXBuildFile; fileRef = E86AB9721FCB5C300085F692 /* done.json */; };
		E8B521CC1FCE485B00131AEE /* Interface.storyboard in Resources */ = {isa = PBXBuildFile; fileRef = E8B521CA1FCE485B00131AEE /* Interface.storyboard */; };
		E8B521CE1FCE485B00131AEE /* Assets.xcassets in Resources */ = {isa = PBXBuildFile; fileRef = E8B521CD1FCE485B00131AEE /* Assets.xcassets */; };
		E8B521D51FCE485B00131AEE /* TTCheck-wachOS Extension.appex in Embed App Extensions */ = {isa = PBXBuildFile; fileRef = E8B521D41FCE485B00131AEE /* TTCheck-wachOS Extension.appex */; settings = {ATTRIBUTES = (RemoveHeadersOnCopy, ); }; };
		E8B521DA1FCE485B00131AEE /* InterfaceController.swift in Sources */ = {isa = PBXBuildFile; fileRef = E8B521D91FCE485B00131AEE /* InterfaceController.swift */; };
		E8B521DC1FCE485B00131AEE /* ExtensionDelegate.swift in Sources */ = {isa = PBXBuildFile; fileRef = E8B521DB1FCE485B00131AEE /* ExtensionDelegate.swift */; };
		E8B521DE1FCE485B00131AEE /* NotificationController.swift in Sources */ = {isa = PBXBuildFile; fileRef = E8B521DD1FCE485B00131AEE /* NotificationController.swift */; };
		E8B521E01FCE485B00131AEE /* Assets.xcassets in Resources */ = {isa = PBXBuildFile; fileRef = E8B521DF1FCE485B00131AEE /* Assets.xcassets */; };
		E8B521E51FCE485B00131AEE /* TTCheck-wachOS.app in Embed Watch Content */ = {isa = PBXBuildFile; fileRef = E8B521C81FCE485B00131AEE /* TTCheck-wachOS.app */; };
		E8B521F71FCE4D0C00131AEE /* ApiServicew.swift in Sources */ = {isa = PBXBuildFile; fileRef = E8B521F61FCE4D0C00131AEE /* ApiServicew.swift */; };
		E8B521FA1FCE4D4D00131AEE /* ApiDAOw.swift in Sources */ = {isa = PBXBuildFile; fileRef = E8B521F91FCE4D4D00131AEE /* ApiDAOw.swift */; };
		E8B521FC1FCE4D5B00131AEE /* ApiDTOw.swift in Sources */ = {isa = PBXBuildFile; fileRef = E8B521FB1FCE4D5B00131AEE /* ApiDTOw.swift */; };
		E8B521FE1FCE4DB800131AEE /* TTGenericDTOw.swift in Sources */ = {isa = PBXBuildFile; fileRef = E8B521FD1FCE4DB800131AEE /* TTGenericDTOw.swift */; };
		E8B522001FCE4F1C00131AEE /* StatusDTOw.swift in Sources */ = {isa = PBXBuildFile; fileRef = E8B521FF1FCE4F1C00131AEE /* StatusDTOw.swift */; };
		E8B522021FCE4F4B00131AEE /* MonitorStatusDTOw.swift in Sources */ = {isa = PBXBuildFile; fileRef = E8B522011FCE4F4B00131AEE /* MonitorStatusDTOw.swift */; };
		E8DE33971FC2346A004F0A13 /* UIColorExtension.swift in Sources */ = {isa = PBXBuildFile; fileRef = E8DE33961FC2346A004F0A13 /* UIColorExtension.swift */; };
		E8E481D81FD47612006443E9 /* ComplicationController.swift in Sources */ = {isa = PBXBuildFile; fileRef = E8E481C91FD475F2006443E9 /* ComplicationController.swift */; };
/* End PBXBuildFile section */

/* Begin PBXContainerItemProxy section */
		E822D9411FC2078700E01E06 /* PBXContainerItemProxy */ = {
			isa = PBXContainerItemProxy;
			containerPortal = E822D9211FC2078600E01E06 /* Project object */;
			proxyType = 1;
			remoteGlobalIDString = E822D9281FC2078600E01E06;
			remoteInfo = TTCheck;
		};
		E822D94C1FC2078700E01E06 /* PBXContainerItemProxy */ = {
			isa = PBXContainerItemProxy;
			containerPortal = E822D9211FC2078600E01E06 /* Project object */;
			proxyType = 1;
			remoteGlobalIDString = E822D9281FC2078600E01E06;
			remoteInfo = TTCheck;
		};
		E8B521D61FCE485B00131AEE /* PBXContainerItemProxy */ = {
			isa = PBXContainerItemProxy;
			containerPortal = E822D9211FC2078600E01E06 /* Project object */;
			proxyType = 1;
			remoteGlobalIDString = E8B521D31FCE485B00131AEE;
			remoteInfo = "TTCheck-wachOS Extension";
		};
		E8B521E31FCE485B00131AEE /* PBXContainerItemProxy */ = {
			isa = PBXContainerItemProxy;
			containerPortal = E822D9211FC2078600E01E06 /* Project object */;
			proxyType = 1;
			remoteGlobalIDString = E8B521C71FCE485B00131AEE;
			remoteInfo = "TTCheck-wachOS";
		};
/* End PBXContainerItemProxy section */

/* Begin PBXCopyFilesBuildPhase section */
		E8B521E91FCE485B00131AEE /* Embed App Extensions */ = {
			isa = PBXCopyFilesBuildPhase;
			buildActionMask = 2147483647;
			dstPath = "";
			dstSubfolderSpec = 13;
			files = (
				E8B521D51FCE485B00131AEE /* TTCheck-wachOS Extension.appex in Embed App Extensions */,
			);
			name = "Embed App Extensions";
			runOnlyForDeploymentPostprocessing = 0;
		};
		E8B521ED1FCE485B00131AEE /* Embed Watch Content */ = {
			isa = PBXCopyFilesBuildPhase;
			buildActionMask = 2147483647;
			dstPath = "$(CONTENTS_FOLDER_PATH)/Watch";
			dstSubfolderSpec = 16;
			files = (
				E8B521E51FCE485B00131AEE /* TTCheck-wachOS.app in Embed Watch Content */,
			);
			name = "Embed Watch Content";
			runOnlyForDeploymentPostprocessing = 0;
		};
/* End PBXCopyFilesBuildPhase section */

/* Begin PBXFileReference section */
		05722EB2448A0C08F1F5AA45 /* Pods_TTCheck.framework */ = {isa = PBXFileReference; explicitFileType = wrapper.framework; includeInIndex = 0; path = Pods_TTCheck.framework; sourceTree = BUILT_PRODUCTS_DIR; };
		441545D32CEC69C6F3573502 /* Pods-TTCheckTests.debug.xcconfig */ = {isa = PBXFileReference; includeInIndex = 1; lastKnownFileType = text.xcconfig; name = "Pods-TTCheckTests.debug.xcconfig"; path = "Pods/Target Support Files/Pods-TTCheckTests/Pods-TTCheckTests.debug.xcconfig"; sourceTree = "<group>"; };
		54695CF465022CE3D98A0950 /* Pods-TTCheck.release.xcconfig */ = {isa = PBXFileReference; includeInIndex = 1; lastKnownFileType = text.xcconfig; name = "Pods-TTCheck.release.xcconfig"; path = "Pods/Target Support Files/Pods-TTCheck/Pods-TTCheck.release.xcconfig"; sourceTree = "<group>"; };
		6FC1EB5BF5B68C185B29A49E /* Pods_TTCheckUITests.framework */ = {isa = PBXFileReference; explicitFileType = wrapper.framework; includeInIndex = 0; path = Pods_TTCheckUITests.framework; sourceTree = BUILT_PRODUCTS_DIR; };
		916E3DD5D6D8186485F62F97 /* Pods-TTCheckUITests.debug.xcconfig */ = {isa = PBXFileReference; includeInIndex = 1; lastKnownFileType = text.xcconfig; name = "Pods-TTCheckUITests.debug.xcconfig"; path = "Pods/Target Support Files/Pods-TTCheckUITests/Pods-TTCheckUITests.debug.xcconfig"; sourceTree = "<group>"; };
		9C92A169C843208D1884E642 /* Pods-TTCheckUITests.release.xcconfig */ = {isa = PBXFileReference; includeInIndex = 1; lastKnownFileType = text.xcconfig; name = "Pods-TTCheckUITests.release.xcconfig"; path = "Pods/Target Support Files/Pods-TTCheckUITests/Pods-TTCheckUITests.release.xcconfig"; sourceTree = "<group>"; };
		C728DCC444AC439E83705783 /* Pods-TTCheck-wachOS Extension.release.xcconfig */ = {isa = PBXFileReference; includeInIndex = 1; lastKnownFileType = text.xcconfig; name = "Pods-TTCheck-wachOS Extension.release.xcconfig"; path = "Pods/Target Support Files/Pods-TTCheck-wachOS Extension/Pods-TTCheck-wachOS Extension.release.xcconfig"; sourceTree = "<group>"; };
		CD7C8D5475E6E8FDC5E29A73 /* Pods-TTCheck.debug.xcconfig */ = {isa = PBXFileReference; includeInIndex = 1; lastKnownFileType = text.xcconfig; name = "Pods-TTCheck.debug.xcconfig"; path = "Pods/Target Support Files/Pods-TTCheck/Pods-TTCheck.debug.xcconfig"; sourceTree = "<group>"; };
		CE7FF2C9D8806386A0579169 /* Pods_TTCheck_wachOS_Extension.framework */ = {isa = PBXFileReference; explicitFileType = wrapper.framework; includeInIndex = 0; path = Pods_TTCheck_wachOS_Extension.framework; sourceTree = BUILT_PRODUCTS_DIR; };
		D38D6378EB761C38899030CB /* Pods-TTCheckTests.release.xcconfig */ = {isa = PBXFileReference; includeInIndex = 1; lastKnownFileType = text.xcconfig; name = "Pods-TTCheckTests.release.xcconfig"; path = "Pods/Target Support Files/Pods-TTCheckTests/Pods-TTCheckTests.release.xcconfig"; sourceTree = "<group>"; };
		E0528CD373E5CAC855FD3651 /* Pods-TTCheck-wachOS Extension.debug.xcconfig */ = {isa = PBXFileReference; includeInIndex = 1; lastKnownFileType = text.xcconfig; name = "Pods-TTCheck-wachOS Extension.debug.xcconfig"; path = "Pods/Target Support Files/Pods-TTCheck-wachOS Extension/Pods-TTCheck-wachOS Extension.debug.xcconfig"; sourceTree = "<group>"; };
		E17FD70F9D137289DB80196C /* Pods_TTCheckTests.framework */ = {isa = PBXFileReference; explicitFileType = wrapper.framework; includeInIndex = 0; path = Pods_TTCheckTests.framework; sourceTree = BUILT_PRODUCTS_DIR; };
		E816AFBB1FC37ACF00F23B93 /* ApiService.swift */ = {isa = PBXFileReference; lastKnownFileType = sourcecode.swift; path = ApiService.swift; sourceTree = "<group>"; };
		E81713541FDDB105002950C3 /* complicationManifest.json */ = {isa = PBXFileReference; fileEncoding = 4; lastKnownFileType = text.json; path = complicationManifest.json; sourceTree = "<group>"; };
		E81CDE441FC354F400EF2590 /* ApiDAO.swift */ = {isa = PBXFileReference; lastKnownFileType = sourcecode.swift; path = ApiDAO.swift; sourceTree = "<group>"; };
		E822D9291FC2078600E01E06 /* TTCheck.app */ = {isa = PBXFileReference; explicitFileType = wrapper.application; includeInIndex = 0; path = TTCheck.app; sourceTree = BUILT_PRODUCTS_DIR; };
		E822D92C1FC2078600E01E06 /* AppDelegate.swift */ = {isa = PBXFileReference; lastKnownFileType = sourcecode.swift; path = AppDelegate.swift; sourceTree = "<group>"; };
		E822D9311FC2078600E01E06 /* Base */ = {isa = PBXFileReference; lastKnownFileType = file.storyboard; name = Base; path = Base.lproj/Main.storyboard; sourceTree = "<group>"; };
		E822D9341FC2078600E01E06 /* TTCheck.xcdatamodel */ = {isa = PBXFileReference; lastKnownFileType = wrapper.xcdatamodel; path = TTCheck.xcdatamodel; sourceTree = "<group>"; };
		E822D9361FC2078600E01E06 /* Assets.xcassets */ = {isa = PBXFileReference; lastKnownFileType = folder.assetcatalog; path = Assets.xcassets; sourceTree = "<group>"; };
		E822D93B1FC2078600E01E06 /* Info.plist */ = {isa = PBXFileReference; lastKnownFileType = text.plist.xml; path = Info.plist; sourceTree = "<group>"; };
		E822D9401FC2078700E01E06 /* TTCheckTests.xctest */ = {isa = PBXFileReference; explicitFileType = wrapper.cfbundle; includeInIndex = 0; path = TTCheckTests.xctest; sourceTree = BUILT_PRODUCTS_DIR; };
		E822D9441FC2078700E01E06 /* TTCheckTests.swift */ = {isa = PBXFileReference; lastKnownFileType = sourcecode.swift; path = TTCheckTests.swift; sourceTree = "<group>"; };
		E822D9461FC2078700E01E06 /* Info.plist */ = {isa = PBXFileReference; lastKnownFileType = text.plist.xml; path = Info.plist; sourceTree = "<group>"; };
		E822D94B1FC2078700E01E06 /* TTCheckUITests.xctest */ = {isa = PBXFileReference; explicitFileType = wrapper.cfbundle; includeInIndex = 0; path = TTCheckUITests.xctest; sourceTree = BUILT_PRODUCTS_DIR; };
		E822D94F1FC2078700E01E06 /* TTCheckUITests.swift */ = {isa = PBXFileReference; lastKnownFileType = sourcecode.swift; path = TTCheckUITests.swift; sourceTree = "<group>"; };
		E822D9511FC2078700E01E06 /* Info.plist */ = {isa = PBXFileReference; lastKnownFileType = text.plist.xml; path = Info.plist; sourceTree = "<group>"; };
		E822D95D1FC20A8900E01E06 /* HomeTableViewController.swift */ = {isa = PBXFileReference; lastKnownFileType = sourcecode.swift; path = HomeTableViewController.swift; sourceTree = "<group>"; };
		E822D95F1FC20AE600E01E06 /* HomeTableViewCell.swift */ = {isa = PBXFileReference; lastKnownFileType = sourcecode.swift; path = HomeTableViewCell.swift; sourceTree = "<group>"; };
		E822D9671FC20BE500E01E06 /* ApiDTO.swift */ = {isa = PBXFileReference; lastKnownFileType = sourcecode.swift; path = ApiDTO.swift; sourceTree = "<group>"; };
		E822D9691FC20C4600E01E06 /* StatusDTO.swift */ = {isa = PBXFileReference; lastKnownFileType = sourcecode.swift; path = StatusDTO.swift; sourceTree = "<group>"; };
		E8475B8820681A9200D91203 /* GoogleService-Info.plist */ = {isa = PBXFileReference; fileEncoding = 4; lastKnownFileType = text.plist.xml; path = "GoogleService-Info.plist"; sourceTree = "<group>"; };
		E8475B8E20681B9100D91203 /* TTCheck.entitlements */ = {isa = PBXFileReference; lastKnownFileType = text.plist.entitlements; path = TTCheck.entitlements; sourceTree = "<group>"; };
		E86AA8551FC9CB4B00718243 /* AddMonitorTableViewCell.swift */ = {isa = PBXFileReference; lastKnownFileType = sourcecode.swift; path = AddMonitorTableViewCell.swift; sourceTree = "<group>"; };
		E86AA8581FC9DE5400718243 /* NewMonitorDTO.swift */ = {isa = PBXFileReference; lastKnownFileType = sourcecode.swift; path = NewMonitorDTO.swift; sourceTree = "<group>"; };
		E86AA85A1FC9E17D00718243 /* AddMonitorViewController.swift */ = {isa = PBXFileReference; lastKnownFileType = sourcecode.swift; path = AddMonitorViewController.swift; sourceTree = "<group>"; };
		E86AA85C1FC9F8EA00718243 /* MonitorDAO.swift */ = {isa = PBXFileReference; lastKnownFileType = sourcecode.swift; path = MonitorDAO.swift; sourceTree = "<group>"; };
		E86AA85E1FC9FEAB00718243 /* MonitorService.swift */ = {isa = PBXFileReference; lastKnownFileType = sourcecode.swift; path = MonitorService.swift; sourceTree = "<group>"; };
		E86AA8601FCA05FB00718243 /* MonitorStatusDTO.swift */ = {isa = PBXFileReference; lastKnownFileType = sourcecode.swift; path = MonitorStatusDTO.swift; sourceTree = "<group>"; };
		E86AA8641FCB0C8D00718243 /* SplashViewController.swift */ = {isa = PBXFileReference; lastKnownFileType = sourcecode.swift; path = SplashViewController.swift; sourceTree = "<group>"; };
		E86AB96E1FCB4EA10085F692 /* Launch Screen.storyboard */ = {isa = PBXFileReference; lastKnownFileType = file.storyboard; path = "Launch Screen.storyboard"; sourceTree = "<group>"; };
		E86AB9721FCB5C300085F692 /* done.json */ = {isa = PBXFileReference; lastKnownFileType = text.json; path = done.json; sourceTree = "<group>"; };
		E8B521C81FCE485B00131AEE /* TTCheck-wachOS.app */ = {isa = PBXFileReference; explicitFileType = wrapper.application; includeInIndex = 0; path = "TTCheck-wachOS.app"; sourceTree = BUILT_PRODUCTS_DIR; };
		E8B521CB1FCE485B00131AEE /* Base */ = {isa = PBXFileReference; lastKnownFileType = file.storyboard; name = Base; path = Base.lproj/Interface.storyboard; sourceTree = "<group>"; };
		E8B521CD1FCE485B00131AEE /* Assets.xcassets */ = {isa = PBXFileReference; lastKnownFileType = folder.assetcatalog; path = Assets.xcassets; sourceTree = "<group>"; };
		E8B521CF1FCE485B00131AEE /* Info.plist */ = {isa = PBXFileReference; lastKnownFileType = text.plist.xml; path = Info.plist; sourceTree = "<group>"; };
		E8B521D41FCE485B00131AEE /* TTCheck-wachOS Extension.appex */ = {isa = PBXFileReference; explicitFileType = "wrapper.app-extension"; includeInIndex = 0; path = "TTCheck-wachOS Extension.appex"; sourceTree = BUILT_PRODUCTS_DIR; };
		E8B521D91FCE485B00131AEE /* InterfaceController.swift */ = {isa = PBXFileReference; lastKnownFileType = sourcecode.swift; path = InterfaceController.swift; sourceTree = "<group>"; };
		E8B521DB1FCE485B00131AEE /* ExtensionDelegate.swift */ = {isa = PBXFileReference; lastKnownFileType = sourcecode.swift; path = ExtensionDelegate.swift; sourceTree = "<group>"; };
		E8B521DD1FCE485B00131AEE /* NotificationController.swift */ = {isa = PBXFileReference; lastKnownFileType = sourcecode.swift; path = NotificationController.swift; sourceTree = "<group>"; };
		E8B521DF1FCE485B00131AEE /* Assets.xcassets */ = {isa = PBXFileReference; lastKnownFileType = folder.assetcatalog; path = Assets.xcassets; sourceTree = "<group>"; };
		E8B521E11FCE485B00131AEE /* Info.plist */ = {isa = PBXFileReference; lastKnownFileType = text.plist.xml; path = Info.plist; sourceTree = "<group>"; };
		E8B521E21FCE485B00131AEE /* PushNotificationPayload.apns */ = {isa = PBXFileReference; lastKnownFileType = text; path = PushNotificationPayload.apns; sourceTree = "<group>"; };
		E8B521F61FCE4D0C00131AEE /* ApiServicew.swift */ = {isa = PBXFileReference; lastKnownFileType = sourcecode.swift; path = ApiServicew.swift; sourceTree = "<group>"; };
		E8B521F91FCE4D4D00131AEE /* ApiDAOw.swift */ = {isa = PBXFileReference; lastKnownFileType = sourcecode.swift; path = ApiDAOw.swift; sourceTree = "<group>"; };
		E8B521FB1FCE4D5B00131AEE /* ApiDTOw.swift */ = {isa = PBXFileReference; lastKnownFileType = sourcecode.swift; path = ApiDTOw.swift; sourceTree = "<group>"; };
		E8B521FD1FCE4DB800131AEE /* TTGenericDTOw.swift */ = {isa = PBXFileReference; lastKnownFileType = sourcecode.swift; path = TTGenericDTOw.swift; sourceTree = "<group>"; };
		E8B521FF1FCE4F1C00131AEE /* StatusDTOw.swift */ = {isa = PBXFileReference; lastKnownFileType = sourcecode.swift; path = StatusDTOw.swift; sourceTree = "<group>"; };
		E8B522011FCE4F4B00131AEE /* MonitorStatusDTOw.swift */ = {isa = PBXFileReference; lastKnownFileType = sourcecode.swift; path = MonitorStatusDTOw.swift; sourceTree = "<group>"; };
		E8DE33961FC2346A004F0A13 /* UIColorExtension.swift */ = {isa = PBXFileReference; lastKnownFileType = sourcecode.swift; path = UIColorExtension.swift; sourceTree = "<group>"; };
		E8E481C91FD475F2006443E9 /* ComplicationController.swift */ = {isa = PBXFileReference; lastKnownFileType = sourcecode.swift; path = ComplicationController.swift; sourceTree = "<group>"; };
/* End PBXFileReference section */

/* Begin PBXFrameworksBuildPhase section */
		963376C9E19480D80C1771B8 /* Frameworks */ = {
			isa = PBXFrameworksBuildPhase;
			buildActionMask = 2147483647;
			files = (
			);
			runOnlyForDeploymentPostprocessing = 0;
		};
		E822D9261FC2078600E01E06 /* Frameworks */ = {
			isa = PBXFrameworksBuildPhase;
			buildActionMask = 2147483647;
			files = (
				A3010F658690F07B23444F5A /* Pods_TTCheck.framework in Frameworks */,
			);
			runOnlyForDeploymentPostprocessing = 0;
		};
		E822D93D1FC2078700E01E06 /* Frameworks */ = {
			isa = PBXFrameworksBuildPhase;
			buildActionMask = 2147483647;
			files = (
				953308BCF3871DE19C1FECC0 /* Pods_TTCheckTests.framework in Frameworks */,
			);
			runOnlyForDeploymentPostprocessing = 0;
		};
		E822D9481FC2078700E01E06 /* Frameworks */ = {
			isa = PBXFrameworksBuildPhase;
			buildActionMask = 2147483647;
			files = (
				55F3CBE1173717A6B13AC6DE /* Pods_TTCheckUITests.framework in Frameworks */,
			);
			runOnlyForDeploymentPostprocessing = 0;
		};
		E8B521D11FCE485B00131AEE /* Frameworks */ = {
			isa = PBXFrameworksBuildPhase;
			buildActionMask = 2147483647;
			files = (
				E825697CD5ED8D3ADB53FF2B /* Pods_TTCheck_wachOS_Extension.framework in Frameworks */,
			);
			runOnlyForDeploymentPostprocessing = 0;
		};
/* End PBXFrameworksBuildPhase section */

/* Begin PBXGroup section */
		12DA85A7501ADEB9AA0965D6 /* Pods */ = {
			isa = PBXGroup;
			children = (
				CD7C8D5475E6E8FDC5E29A73 /* Pods-TTCheck.debug.xcconfig */,
				54695CF465022CE3D98A0950 /* Pods-TTCheck.release.xcconfig */,
				441545D32CEC69C6F3573502 /* Pods-TTCheckTests.debug.xcconfig */,
				D38D6378EB761C38899030CB /* Pods-TTCheckTests.release.xcconfig */,
				916E3DD5D6D8186485F62F97 /* Pods-TTCheckUITests.debug.xcconfig */,
				9C92A169C843208D1884E642 /* Pods-TTCheckUITests.release.xcconfig */,
				E0528CD373E5CAC855FD3651 /* Pods-TTCheck-wachOS Extension.debug.xcconfig */,
				C728DCC444AC439E83705783 /* Pods-TTCheck-wachOS Extension.release.xcconfig */,
			);
			name = Pods;
			sourceTree = "<group>";
		};
		59B0EADD4B8B9E082D2F6D01 /* Frameworks */ = {
			isa = PBXGroup;
			children = (
				05722EB2448A0C08F1F5AA45 /* Pods_TTCheck.framework */,
				E17FD70F9D137289DB80196C /* Pods_TTCheckTests.framework */,
				6FC1EB5BF5B68C185B29A49E /* Pods_TTCheckUITests.framework */,
				CE7FF2C9D8806386A0579169 /* Pods_TTCheck_wachOS_Extension.framework */,
			);
			name = Frameworks;
			sourceTree = "<group>";
		};
		E822D9201FC2078600E01E06 = {
			isa = PBXGroup;
			children = (
				E822D92B1FC2078600E01E06 /* TTCheck */,
				E822D9431FC2078700E01E06 /* TTCheckTests */,
				E822D94E1FC2078700E01E06 /* TTCheckUITests */,
				E8B521C91FCE485B00131AEE /* TTCheck-wachOS */,
				E8B521D81FCE485B00131AEE /* TTCheck-wachOS Extension */,
				E822D92A1FC2078600E01E06 /* Products */,
				12DA85A7501ADEB9AA0965D6 /* Pods */,
				59B0EADD4B8B9E082D2F6D01 /* Frameworks */,
			);
			sourceTree = "<group>";
		};
		E822D92A1FC2078600E01E06 /* Products */ = {
			isa = PBXGroup;
			children = (
				E822D9291FC2078600E01E06 /* TTCheck.app */,
				E822D9401FC2078700E01E06 /* TTCheckTests.xctest */,
				E822D94B1FC2078700E01E06 /* TTCheckUITests.xctest */,
				E8B521C81FCE485B00131AEE /* TTCheck-wachOS.app */,
				E8B521D41FCE485B00131AEE /* TTCheck-wachOS Extension.appex */,
			);
			name = Products;
			sourceTree = "<group>";
		};
		E822D92B1FC2078600E01E06 /* TTCheck */ = {
			isa = PBXGroup;
			children = (
				E8475B8E20681B9100D91203 /* TTCheck.entitlements */,
				E8475B8820681A9200D91203 /* GoogleService-Info.plist */,
				E8DE33951FC2345C004F0A13 /* utils */,
				E822D9611FC20B6900E01E06 /* dto */,
				E822D9621FC20B7300E01E06 /* dao */,
				E822D9631FC20B7900E01E06 /* service */,
				E822D9641FC20B8000E01E06 /* view */,
				E822D92C1FC2078600E01E06 /* AppDelegate.swift */,
				E81713541FDDB105002950C3 /* complicationManifest.json */,
				E86AB96E1FCB4EA10085F692 /* Launch Screen.storyboard */,
				E822D9301FC2078600E01E06 /* Main.storyboard */,
				E822D9361FC2078600E01E06 /* Assets.xcassets */,
				E822D93B1FC2078600E01E06 /* Info.plist */,
				E822D9331FC2078600E01E06 /* TTCheck.xcdatamodeld */,
			);
			path = TTCheck;
			sourceTree = "<group>";
		};
		E822D9431FC2078700E01E06 /* TTCheckTests */ = {
			isa = PBXGroup;
			children = (
				E822D9441FC2078700E01E06 /* TTCheckTests.swift */,
				E822D9461FC2078700E01E06 /* Info.plist */,
			);
			path = TTCheckTests;
			sourceTree = "<group>";
		};
		E822D94E1FC2078700E01E06 /* TTCheckUITests */ = {
			isa = PBXGroup;
			children = (
				E822D94F1FC2078700E01E06 /* TTCheckUITests.swift */,
				E822D9511FC2078700E01E06 /* Info.plist */,
			);
			path = TTCheckUITests;
			sourceTree = "<group>";
		};
		E822D9611FC20B6900E01E06 /* dto */ = {
			isa = PBXGroup;
			children = (
				E822D9671FC20BE500E01E06 /* ApiDTO.swift */,
				E822D9691FC20C4600E01E06 /* StatusDTO.swift */,
				E86AA8581FC9DE5400718243 /* NewMonitorDTO.swift */,
				E86AA8601FCA05FB00718243 /* MonitorStatusDTO.swift */,
			);
			path = dto;
			sourceTree = "<group>";
		};
		E822D9621FC20B7300E01E06 /* dao */ = {
			isa = PBXGroup;
			children = (
				E81CDE441FC354F400EF2590 /* ApiDAO.swift */,
				E86AA85C1FC9F8EA00718243 /* MonitorDAO.swift */,
			);
			path = dao;
			sourceTree = "<group>";
		};
		E822D9631FC20B7900E01E06 /* service */ = {
			isa = PBXGroup;
			children = (
				E816AFBB1FC37ACF00F23B93 /* ApiService.swift */,
				E86AA85E1FC9FEAB00718243 /* MonitorService.swift */,
			);
			path = service;
			sourceTree = "<group>";
		};
		E822D9641FC20B8000E01E06 /* view */ = {
			isa = PBXGroup;
			children = (
				E822D9651FC20BAC00E01E06 /* table */,
				E822D9661FC20BB200E01E06 /* cell */,
				E86AA85A1FC9E17D00718243 /* AddMonitorViewController.swift */,
				E86AA8641FCB0C8D00718243 /* SplashViewController.swift */,
			);
			path = view;
			sourceTree = "<group>";
		};
		E822D9651FC20BAC00E01E06 /* table */ = {
			isa = PBXGroup;
			children = (
				E822D95D1FC20A8900E01E06 /* HomeTableViewController.swift */,
			);
			path = table;
			sourceTree = "<group>";
		};
		E822D9661FC20BB200E01E06 /* cell */ = {
			isa = PBXGroup;
			children = (
				E822D95F1FC20AE600E01E06 /* HomeTableViewCell.swift */,
				E86AA8551FC9CB4B00718243 /* AddMonitorTableViewCell.swift */,
			);
			path = cell;
			sourceTree = "<group>";
		};
		E8B521C91FCE485B00131AEE /* TTCheck-wachOS */ = {
			isa = PBXGroup;
			children = (
				E8B521CA1FCE485B00131AEE /* Interface.storyboard */,
				E8B521CD1FCE485B00131AEE /* Assets.xcassets */,
				E8B521CF1FCE485B00131AEE /* Info.plist */,
			);
			path = "TTCheck-wachOS";
			sourceTree = "<group>";
		};
		E8B521D81FCE485B00131AEE /* TTCheck-wachOS Extension */ = {
			isa = PBXGroup;
			children = (
				E8B521F41FCE4CF300131AEE /* dto */,
				E8B521F51FCE4CF900131AEE /* dao */,
				E8B521F81FCE4D1600131AEE /* service */,
				E8B521D91FCE485B00131AEE /* InterfaceController.swift */,
				E8B521DB1FCE485B00131AEE /* ExtensionDelegate.swift */,
				E8B521DD1FCE485B00131AEE /* NotificationController.swift */,
				E8E481C91FD475F2006443E9 /* ComplicationController.swift */,
				E8B521DF1FCE485B00131AEE /* Assets.xcassets */,
				E8B521E11FCE485B00131AEE /* Info.plist */,
				E8B521E21FCE485B00131AEE /* PushNotificationPayload.apns */,
			);
			path = "TTCheck-wachOS Extension";
			sourceTree = "<group>";
		};
		E8B521F41FCE4CF300131AEE /* dto */ = {
			isa = PBXGroup;
			children = (
				E8B521FB1FCE4D5B00131AEE /* ApiDTOw.swift */,
				E8B521FD1FCE4DB800131AEE /* TTGenericDTOw.swift */,
				E8B522011FCE4F4B00131AEE /* MonitorStatusDTOw.swift */,
				E8B521FF1FCE4F1C00131AEE /* StatusDTOw.swift */,
			);
			path = dto;
			sourceTree = "<group>";
		};
		E8B521F51FCE4CF900131AEE /* dao */ = {
			isa = PBXGroup;
			children = (
				E8B521F91FCE4D4D00131AEE /* ApiDAOw.swift */,
			);
			path = dao;
			sourceTree = "<group>";
		};
		E8B521F81FCE4D1600131AEE /* service */ = {
			isa = PBXGroup;
			children = (
				E8B521F61FCE4D0C00131AEE /* ApiServicew.swift */,
			);
			path = service;
			sourceTree = "<group>";
		};
		E8DE33951FC2345C004F0A13 /* utils */ = {
			isa = PBXGroup;
			children = (
				E8DE33961FC2346A004F0A13 /* UIColorExtension.swift */,
				E86AB9721FCB5C300085F692 /* done.json */,
			);
			path = utils;
			sourceTree = "<group>";
		};
/* End PBXGroup section */

/* Begin PBXNativeTarget section */
		E822D9281FC2078600E01E06 /* TTCheck */ = {
			isa = PBXNativeTarget;
			buildConfigurationList = E822D9541FC2078700E01E06 /* Build configuration list for PBXNativeTarget "TTCheck" */;
			buildPhases = (
				914A6E9355F463785A8AA33F /* [CP] Check Pods Manifest.lock */,
				E822D9251FC2078600E01E06 /* Sources */,
				E822D9261FC2078600E01E06 /* Frameworks */,
				E822D9271FC2078600E01E06 /* Resources */,
				15B84049F8B0550334D2395E /* [CP] Embed Pods Frameworks */,
				336EA0D16E4542C03DCE91EE /* [CP] Copy Pods Resources */,
				E8B521ED1FCE485B00131AEE /* Embed Watch Content */,
			);
			buildRules = (
			);
			dependencies = (
				E8B521E41FCE485B00131AEE /* PBXTargetDependency */,
			);
			name = TTCheck;
			productName = TTCheck;
			productReference = E822D9291FC2078600E01E06 /* TTCheck.app */;
			productType = "com.apple.product-type.application";
		};
		E822D93F1FC2078700E01E06 /* TTCheckTests */ = {
			isa = PBXNativeTarget;
			buildConfigurationList = E822D9571FC2078700E01E06 /* Build configuration list for PBXNativeTarget "TTCheckTests" */;
			buildPhases = (
				EC70AC46CFCC7C0D01006B63 /* [CP] Check Pods Manifest.lock */,
				E822D93C1FC2078700E01E06 /* Sources */,
				E822D93D1FC2078700E01E06 /* Frameworks */,
				E822D93E1FC2078700E01E06 /* Resources */,
				C552525DC4A06D530D77C1A7 /* [CP] Embed Pods Frameworks */,
				CC2EB21C833C4F9B2BE9DC12 /* [CP] Copy Pods Resources */,
			);
			buildRules = (
			);
			dependencies = (
				E822D9421FC2078700E01E06 /* PBXTargetDependency */,
			);
			name = TTCheckTests;
			productName = TTCheckTests;
			productReference = E822D9401FC2078700E01E06 /* TTCheckTests.xctest */;
			productType = "com.apple.product-type.bundle.unit-test";
		};
		E822D94A1FC2078700E01E06 /* TTCheckUITests */ = {
			isa = PBXNativeTarget;
			buildConfigurationList = E822D95A1FC2078700E01E06 /* Build configuration list for PBXNativeTarget "TTCheckUITests" */;
			buildPhases = (
				B8409D8097143CCAAFE18C73 /* [CP] Check Pods Manifest.lock */,
				E822D9471FC2078700E01E06 /* Sources */,
				E822D9481FC2078700E01E06 /* Frameworks */,
				E822D9491FC2078700E01E06 /* Resources */,
				86F1A6B32115E473F0150A90 /* [CP] Embed Pods Frameworks */,
				70D29EFD13A1EB33DDBE4C4F /* [CP] Copy Pods Resources */,
			);
			buildRules = (
			);
			dependencies = (
				E822D94D1FC2078700E01E06 /* PBXTargetDependency */,
			);
			name = TTCheckUITests;
			productName = TTCheckUITests;
			productReference = E822D94B1FC2078700E01E06 /* TTCheckUITests.xctest */;
			productType = "com.apple.product-type.bundle.ui-testing";
		};
		E8B521C71FCE485B00131AEE /* TTCheck-wachOS */ = {
			isa = PBXNativeTarget;
			buildConfigurationList = E8B521EA1FCE485B00131AEE /* Build configuration list for PBXNativeTarget "TTCheck-wachOS" */;
			buildPhases = (
				E8B521C61FCE485B00131AEE /* Resources */,
				E8B521E91FCE485B00131AEE /* Embed App Extensions */,
				963376C9E19480D80C1771B8 /* Frameworks */,
			);
			buildRules = (
			);
			dependencies = (
				E8B521D71FCE485B00131AEE /* PBXTargetDependency */,
			);
			name = "TTCheck-wachOS";
			productName = "TTCheck-wachOS";
			productReference = E8B521C81FCE485B00131AEE /* TTCheck-wachOS.app */;
			productType = "com.apple.product-type.application.watchapp2";
		};
		E8B521D31FCE485B00131AEE /* TTCheck-wachOS Extension */ = {
			isa = PBXNativeTarget;
			buildConfigurationList = E8B521E61FCE485B00131AEE /* Build configuration list for PBXNativeTarget "TTCheck-wachOS Extension" */;
			buildPhases = (
				3DE7BC3B0D6F3917A0C6A815 /* [CP] Check Pods Manifest.lock */,
				E8B521D01FCE485B00131AEE /* Sources */,
				E8B521D11FCE485B00131AEE /* Frameworks */,
				E8B521D21FCE485B00131AEE /* Resources */,
				802BDD7131CA00C2128D4629 /* [CP] Embed Pods Frameworks */,
				53411ADA7821AD5712A1BD58 /* [CP] Copy Pods Resources */,
			);
			buildRules = (
			);
			dependencies = (
			);
			name = "TTCheck-wachOS Extension";
			productName = "TTCheck-wachOS Extension";
			productReference = E8B521D41FCE485B00131AEE /* TTCheck-wachOS Extension.appex */;
			productType = "com.apple.product-type.watchkit2-extension";
		};
/* End PBXNativeTarget section */

/* Begin PBXProject section */
		E822D9211FC2078600E01E06 /* Project object */ = {
			isa = PBXProject;
			attributes = {
				LastSwiftUpdateCheck = 0900;
				LastUpgradeCheck = 0900;
				ORGANIZATIONNAME = "Juan Pablo";
				TargetAttributes = {
					E822D9281FC2078600E01E06 = {
						CreatedOnToolsVersion = 9.0;
						ProvisioningStyle = Automatic;
						SystemCapabilities = {
							com.apple.BackgroundModes = {
								enabled = 1;
							};
							com.apple.Push = {
								enabled = 1;
							};
						};
					};
					E822D93F1FC2078700E01E06 = {
						CreatedOnToolsVersion = 9.0;
						ProvisioningStyle = Automatic;
						TestTargetID = E822D9281FC2078600E01E06;
					};
					E822D94A1FC2078700E01E06 = {
						CreatedOnToolsVersion = 9.0;
						ProvisioningStyle = Automatic;
						TestTargetID = E822D9281FC2078600E01E06;
					};
					E8B521C71FCE485B00131AEE = {
						CreatedOnToolsVersion = 9.0;
						ProvisioningStyle = Automatic;
					};
					E8B521D31FCE485B00131AEE = {
						CreatedOnToolsVersion = 9.0;
						ProvisioningStyle = Automatic;
					};
				};
			};
			buildConfigurationList = E822D9241FC2078600E01E06 /* Build configuration list for PBXProject "TTCheck" */;
			compatibilityVersion = "Xcode 8.0";
			developmentRegion = en;
			hasScannedForEncodings = 0;
			knownRegions = (
				en,
				Base,
			);
			mainGroup = E822D9201FC2078600E01E06;
			productRefGroup = E822D92A1FC2078600E01E06 /* Products */;
			projectDirPath = "";
			projectRoot = "";
			targets = (
				E822D9281FC2078600E01E06 /* TTCheck */,
				E822D93F1FC2078700E01E06 /* TTCheckTests */,
				E822D94A1FC2078700E01E06 /* TTCheckUITests */,
				E8B521C71FCE485B00131AEE /* TTCheck-wachOS */,
				E8B521D31FCE485B00131AEE /* TTCheck-wachOS Extension */,
			);
		};
/* End PBXProject section */

/* Begin PBXResourcesBuildPhase section */
		E822D9271FC2078600E01E06 /* Resources */ = {
			isa = PBXResourcesBuildPhase;
			buildActionMask = 2147483647;
			files = (
				E86AB96F1FCB4EA10085F692 /* Launch Screen.storyboard in Resources */,
				E81713551FDDB105002950C3 /* complicationManifest.json in Resources */,
				E822D9371FC2078600E01E06 /* Assets.xcassets in Resources */,
				E822D9321FC2078600E01E06 /* Main.storyboard in Resources */,
				E86AB9731FCB5F040085F692 /* done.json in Resources */,
				E8475B8920681A9300D91203 /* GoogleService-Info.plist in Resources */,
			);
			runOnlyForDeploymentPostprocessing = 0;
		};
		E822D93E1FC2078700E01E06 /* Resources */ = {
			isa = PBXResourcesBuildPhase;
			buildActionMask = 2147483647;
			files = (
				E8475B8A20681A9300D91203 /* GoogleService-Info.plist in Resources */,
			);
			runOnlyForDeploymentPostprocessing = 0;
		};
		E822D9491FC2078700E01E06 /* Resources */ = {
			isa = PBXResourcesBuildPhase;
			buildActionMask = 2147483647;
			files = (
				E8475B8B20681A9300D91203 /* GoogleService-Info.plist in Resources */,
			);
			runOnlyForDeploymentPostprocessing = 0;
		};
		E8B521C61FCE485B00131AEE /* Resources */ = {
			isa = PBXResourcesBuildPhase;
			buildActionMask = 2147483647;
			files = (
				E8B521CE1FCE485B00131AEE /* Assets.xcassets in Resources */,
				E8B521CC1FCE485B00131AEE /* Interface.storyboard in Resources */,
				E8475B8C20681A9300D91203 /* GoogleService-Info.plist in Resources */,
			);
			runOnlyForDeploymentPostprocessing = 0;
		};
		E8B521D21FCE485B00131AEE /* Resources */ = {
			isa = PBXResourcesBuildPhase;
			buildActionMask = 2147483647;
			files = (
				8D3582BB1FDF2A3500193D2E /* Assets.xcassets in Resources */,
				E8B521E01FCE485B00131AEE /* Assets.xcassets in Resources */,
				E8475B8D20681A9300D91203 /* GoogleService-Info.plist in Resources */,
			);
			runOnlyForDeploymentPostprocessing = 0;
		};
/* End PBXResourcesBuildPhase section */

/* Begin PBXShellScriptBuildPhase section */
		15B84049F8B0550334D2395E /* [CP] Embed Pods Frameworks */ = {
			isa = PBXShellScriptBuildPhase;
			buildActionMask = 2147483647;
			files = (
			);
			inputPaths = (
				"${SRCROOT}/Pods/Target Support Files/Pods-TTCheck/Pods-TTCheck-frameworks.sh",
				"${BUILT_PRODUCTS_DIR}/Alamofire-iOS/Alamofire.framework",
				"${BUILT_PRODUCTS_DIR}/Flurry-iOS-SDK/Flurry_iOS_SDK.framework",
				"${BUILT_PRODUCTS_DIR}/GoogleToolboxForMac/GoogleToolboxForMac.framework",
				"${BUILT_PRODUCTS_DIR}/Protobuf/Protobuf.framework",
				"${BUILT_PRODUCTS_DIR}/PureLayout/PureLayout.framework",
				"${BUILT_PRODUCTS_DIR}/SwipeCellKit/SwipeCellKit.framework",
				"${BUILT_PRODUCTS_DIR}/TTMVC/TTMVC.framework",
				"${BUILT_PRODUCTS_DIR}/lottie-ios/Lottie.framework",
				"${BUILT_PRODUCTS_DIR}/nanopb/nanopb.framework",
			);
			name = "[CP] Embed Pods Frameworks";
			outputPaths = (
				"${TARGET_BUILD_DIR}/${FRAMEWORKS_FOLDER_PATH}/Alamofire.framework",
				"${TARGET_BUILD_DIR}/${FRAMEWORKS_FOLDER_PATH}/Flurry_iOS_SDK.framework",
				"${TARGET_BUILD_DIR}/${FRAMEWORKS_FOLDER_PATH}/GoogleToolboxForMac.framework",
				"${TARGET_BUILD_DIR}/${FRAMEWORKS_FOLDER_PATH}/Protobuf.framework",
				"${TARGET_BUILD_DIR}/${FRAMEWORKS_FOLDER_PATH}/PureLayout.framework",
				"${TARGET_BUILD_DIR}/${FRAMEWORKS_FOLDER_PATH}/SwipeCellKit.framework",
				"${TARGET_BUILD_DIR}/${FRAMEWORKS_FOLDER_PATH}/TTMVC.framework",
				"${TARGET_BUILD_DIR}/${FRAMEWORKS_FOLDER_PATH}/Lottie.framework",
				"${TARGET_BUILD_DIR}/${FRAMEWORKS_FOLDER_PATH}/nanopb.framework",
			);
			runOnlyForDeploymentPostprocessing = 0;
			shellPath = /bin/sh;
			shellScript = "\"${SRCROOT}/Pods/Target Support Files/Pods-TTCheck/Pods-TTCheck-frameworks.sh\"\n";
			showEnvVarsInLog = 0;
		};
		336EA0D16E4542C03DCE91EE /* [CP] Copy Pods Resources */ = {
			isa = PBXShellScriptBuildPhase;
			buildActionMask = 2147483647;
			files = (
			);
			inputPaths = (
			);
			name = "[CP] Copy Pods Resources";
			outputPaths = (
			);
			runOnlyForDeploymentPostprocessing = 0;
			shellPath = /bin/sh;
			shellScript = "\"${SRCROOT}/Pods/Target Support Files/Pods-TTCheck/Pods-TTCheck-resources.sh\"\n";
			showEnvVarsInLog = 0;
		};
		3DE7BC3B0D6F3917A0C6A815 /* [CP] Check Pods Manifest.lock */ = {
			isa = PBXShellScriptBuildPhase;
			buildActionMask = 2147483647;
			files = (
			);
			inputPaths = (
				"${PODS_PODFILE_DIR_PATH}/Podfile.lock",
				"${PODS_ROOT}/Manifest.lock",
			);
			name = "[CP] Check Pods Manifest.lock";
			outputPaths = (
				"$(DERIVED_FILE_DIR)/Pods-TTCheck-wachOS Extension-checkManifestLockResult.txt",
			);
			runOnlyForDeploymentPostprocessing = 0;
			shellPath = /bin/sh;
			shellScript = "diff \"${PODS_PODFILE_DIR_PATH}/Podfile.lock\" \"${PODS_ROOT}/Manifest.lock\" > /dev/null\nif [ $? != 0 ] ; then\n    # print error to STDERR\n    echo \"error: The sandbox is not in sync with the Podfile.lock. Run 'pod install' or update your CocoaPods installation.\" >&2\n    exit 1\nfi\n# This output is used by Xcode 'outputs' to avoid re-running this script phase.\necho \"SUCCESS\" > \"${SCRIPT_OUTPUT_FILE_0}\"\n";
			showEnvVarsInLog = 0;
		};
		53411ADA7821AD5712A1BD58 /* [CP] Copy Pods Resources */ = {
			isa = PBXShellScriptBuildPhase;
			buildActionMask = 2147483647;
			files = (
			);
			inputPaths = (
			);
			name = "[CP] Copy Pods Resources";
			outputPaths = (
			);
			runOnlyForDeploymentPostprocessing = 0;
			shellPath = /bin/sh;
			shellScript = "\"${SRCROOT}/Pods/Target Support Files/Pods-TTCheck-wachOS Extension/Pods-TTCheck-wachOS Extension-resources.sh\"\n";
			showEnvVarsInLog = 0;
		};
		70D29EFD13A1EB33DDBE4C4F /* [CP] Copy Pods Resources */ = {
			isa = PBXShellScriptBuildPhase;
			buildActionMask = 2147483647;
			files = (
			);
			inputPaths = (
			);
			name = "[CP] Copy Pods Resources";
			outputPaths = (
			);
			runOnlyForDeploymentPostprocessing = 0;
			shellPath = /bin/sh;
			shellScript = "\"${SRCROOT}/Pods/Target Support Files/Pods-TTCheckUITests/Pods-TTCheckUITests-resources.sh\"\n";
			showEnvVarsInLog = 0;
		};
		802BDD7131CA00C2128D4629 /* [CP] Embed Pods Frameworks */ = {
			isa = PBXShellScriptBuildPhase;
			buildActionMask = 2147483647;
			files = (
			);
			inputPaths = (
				"${SRCROOT}/Pods/Target Support Files/Pods-TTCheck-wachOS Extension/Pods-TTCheck-wachOS Extension-frameworks.sh",
				"${BUILT_PRODUCTS_DIR}/Alamofire-watchOS/Alamofire.framework",
			);
			name = "[CP] Embed Pods Frameworks";
			outputPaths = (
				"${TARGET_BUILD_DIR}/${FRAMEWORKS_FOLDER_PATH}/Alamofire.framework",
			);
			runOnlyForDeploymentPostprocessing = 0;
			shellPath = /bin/sh;
			shellScript = "\"${SRCROOT}/Pods/Target Support Files/Pods-TTCheck-wachOS Extension/Pods-TTCheck-wachOS Extension-frameworks.sh\"\n";
			showEnvVarsInLog = 0;
		};
		86F1A6B32115E473F0150A90 /* [CP] Embed Pods Frameworks */ = {
			isa = PBXShellScriptBuildPhase;
			buildActionMask = 2147483647;
			files = (
			);
			inputPaths = (
			);
			name = "[CP] Embed Pods Frameworks";
			outputPaths = (
			);
			runOnlyForDeploymentPostprocessing = 0;
			shellPath = /bin/sh;
			shellScript = "\"${SRCROOT}/Pods/Target Support Files/Pods-TTCheckUITests/Pods-TTCheckUITests-frameworks.sh\"\n";
			showEnvVarsInLog = 0;
		};
		914A6E9355F463785A8AA33F /* [CP] Check Pods Manifest.lock */ = {
			isa = PBXShellScriptBuildPhase;
			buildActionMask = 2147483647;
			files = (
			);
			inputPaths = (
				"${PODS_PODFILE_DIR_PATH}/Podfile.lock",
				"${PODS_ROOT}/Manifest.lock",
			);
			name = "[CP] Check Pods Manifest.lock";
			outputPaths = (
				"$(DERIVED_FILE_DIR)/Pods-TTCheck-checkManifestLockResult.txt",
			);
			runOnlyForDeploymentPostprocessing = 0;
			shellPath = /bin/sh;
			shellScript = "diff \"${PODS_PODFILE_DIR_PATH}/Podfile.lock\" \"${PODS_ROOT}/Manifest.lock\" > /dev/null\nif [ $? != 0 ] ; then\n    # print error to STDERR\n    echo \"error: The sandbox is not in sync with the Podfile.lock. Run 'pod install' or update your CocoaPods installation.\" >&2\n    exit 1\nfi\n# This output is used by Xcode 'outputs' to avoid re-running this script phase.\necho \"SUCCESS\" > \"${SCRIPT_OUTPUT_FILE_0}\"\n";
			showEnvVarsInLog = 0;
		};
		B8409D8097143CCAAFE18C73 /* [CP] Check Pods Manifest.lock */ = {
			isa = PBXShellScriptBuildPhase;
			buildActionMask = 2147483647;
			files = (
			);
			inputPaths = (
				"${PODS_PODFILE_DIR_PATH}/Podfile.lock",
				"${PODS_ROOT}/Manifest.lock",
			);
			name = "[CP] Check Pods Manifest.lock";
			outputPaths = (
				"$(DERIVED_FILE_DIR)/Pods-TTCheckUITests-checkManifestLockResult.txt",
			);
			runOnlyForDeploymentPostprocessing = 0;
			shellPath = /bin/sh;
			shellScript = "diff \"${PODS_PODFILE_DIR_PATH}/Podfile.lock\" \"${PODS_ROOT}/Manifest.lock\" > /dev/null\nif [ $? != 0 ] ; then\n    # print error to STDERR\n    echo \"error: The sandbox is not in sync with the Podfile.lock. Run 'pod install' or update your CocoaPods installation.\" >&2\n    exit 1\nfi\n# This output is used by Xcode 'outputs' to avoid re-running this script phase.\necho \"SUCCESS\" > \"${SCRIPT_OUTPUT_FILE_0}\"\n";
			showEnvVarsInLog = 0;
		};
		C552525DC4A06D530D77C1A7 /* [CP] Embed Pods Frameworks */ = {
			isa = PBXShellScriptBuildPhase;
			buildActionMask = 2147483647;
			files = (
			);
			inputPaths = (
			);
			name = "[CP] Embed Pods Frameworks";
			outputPaths = (
			);
			runOnlyForDeploymentPostprocessing = 0;
			shellPath = /bin/sh;
			shellScript = "\"${SRCROOT}/Pods/Target Support Files/Pods-TTCheckTests/Pods-TTCheckTests-frameworks.sh\"\n";
			showEnvVarsInLog = 0;
		};
		CC2EB21C833C4F9B2BE9DC12 /* [CP] Copy Pods Resources */ = {
			isa = PBXShellScriptBuildPhase;
			buildActionMask = 2147483647;
			files = (
			);
			inputPaths = (
			);
			name = "[CP] Copy Pods Resources";
			outputPaths = (
			);
			runOnlyForDeploymentPostprocessing = 0;
			shellPath = /bin/sh;
			shellScript = "\"${SRCROOT}/Pods/Target Support Files/Pods-TTCheckTests/Pods-TTCheckTests-resources.sh\"\n";
			showEnvVarsInLog = 0;
		};
		EC70AC46CFCC7C0D01006B63 /* [CP] Check Pods Manifest.lock */ = {
			isa = PBXShellScriptBuildPhase;
			buildActionMask = 2147483647;
			files = (
			);
			inputPaths = (
				"${PODS_PODFILE_DIR_PATH}/Podfile.lock",
				"${PODS_ROOT}/Manifest.lock",
			);
			name = "[CP] Check Pods Manifest.lock";
			outputPaths = (
				"$(DERIVED_FILE_DIR)/Pods-TTCheckTests-checkManifestLockResult.txt",
			);
			runOnlyForDeploymentPostprocessing = 0;
			shellPath = /bin/sh;
			shellScript = "diff \"${PODS_PODFILE_DIR_PATH}/Podfile.lock\" \"${PODS_ROOT}/Manifest.lock\" > /dev/null\nif [ $? != 0 ] ; then\n    # print error to STDERR\n    echo \"error: The sandbox is not in sync with the Podfile.lock. Run 'pod install' or update your CocoaPods installation.\" >&2\n    exit 1\nfi\n# This output is used by Xcode 'outputs' to avoid re-running this script phase.\necho \"SUCCESS\" > \"${SCRIPT_OUTPUT_FILE_0}\"\n";
			showEnvVarsInLog = 0;
		};
/* End PBXShellScriptBuildPhase section */

/* Begin PBXSourcesBuildPhase section */
		E822D9251FC2078600E01E06 /* Sources */ = {
			isa = PBXSourcesBuildPhase;
			buildActionMask = 2147483647;
			files = (
				E86AA8561FC9CB4B00718243 /* AddMonitorTableViewCell.swift in Sources */,
				E86AA8591FC9DE5400718243 /* NewMonitorDTO.swift in Sources */,
				E822D95E1FC20A8900E01E06 /* HomeTableViewController.swift in Sources */,
				E86AA85F1FC9FEAB00718243 /* MonitorService.swift in Sources */,
				E8DE33971FC2346A004F0A13 /* UIColorExtension.swift in Sources */,
				E822D9681FC20BE500E01E06 /* ApiDTO.swift in Sources */,
				E86AA8611FCA05FB00718243 /* MonitorStatusDTO.swift in Sources */,
				E86AA85B1FC9E17D00718243 /* AddMonitorViewController.swift in Sources */,
				E822D92D1FC2078600E01E06 /* AppDelegate.swift in Sources */,
				E822D96A1FC20C4600E01E06 /* StatusDTO.swift in Sources */,
				E816AFBC1FC37ACF00F23B93 /* ApiService.swift in Sources */,
				E81CDE451FC354F400EF2590 /* ApiDAO.swift in Sources */,
				E86AA85D1FC9F8EA00718243 /* MonitorDAO.swift in Sources */,
				E822D9601FC20AE600E01E06 /* HomeTableViewCell.swift in Sources */,
				E822D9351FC2078600E01E06 /* TTCheck.xcdatamodeld in Sources */,
				E86AA8651FCB0C8D00718243 /* SplashViewController.swift in Sources */,
			);
			runOnlyForDeploymentPostprocessing = 0;
		};
		E822D93C1FC2078700E01E06 /* Sources */ = {
			isa = PBXSourcesBuildPhase;
			buildActionMask = 2147483647;
			files = (
				E822D9451FC2078700E01E06 /* TTCheckTests.swift in Sources */,
			);
			runOnlyForDeploymentPostprocessing = 0;
		};
		E822D9471FC2078700E01E06 /* Sources */ = {
			isa = PBXSourcesBuildPhase;
			buildActionMask = 2147483647;
			files = (
				E822D9501FC2078700E01E06 /* TTCheckUITests.swift in Sources */,
			);
			runOnlyForDeploymentPostprocessing = 0;
		};
		E8B521D01FCE485B00131AEE /* Sources */ = {
			isa = PBXSourcesBuildPhase;
			buildActionMask = 2147483647;
			files = (
				E8B522021FCE4F4B00131AEE /* MonitorStatusDTOw.swift in Sources */,
				E8B521FC1FCE4D5B00131AEE /* ApiDTOw.swift in Sources */,
				E8B521FE1FCE4DB800131AEE /* TTGenericDTOw.swift in Sources */,
				E8B521DE1FCE485B00131AEE /* NotificationController.swift in Sources */,
				E8B521DC1FCE485B00131AEE /* ExtensionDelegate.swift in Sources */,
				E8B521DA1FCE485B00131AEE /* InterfaceController.swift in Sources */,
				E8B521F71FCE4D0C00131AEE /* ApiServicew.swift in Sources */,
				E8E481D81FD47612006443E9 /* ComplicationController.swift in Sources */,
				E8B521FA1FCE4D4D00131AEE /* ApiDAOw.swift in Sources */,
				E8B522001FCE4F1C00131AEE /* StatusDTOw.swift in Sources */,
			);
			runOnlyForDeploymentPostprocessing = 0;
		};
/* End PBXSourcesBuildPhase section */

/* Begin PBXTargetDependency section */
		E822D9421FC2078700E01E06 /* PBXTargetDependency */ = {
			isa = PBXTargetDependency;
			target = E822D9281FC2078600E01E06 /* TTCheck */;
			targetProxy = E822D9411FC2078700E01E06 /* PBXContainerItemProxy */;
		};
		E822D94D1FC2078700E01E06 /* PBXTargetDependency */ = {
			isa = PBXTargetDependency;
			target = E822D9281FC2078600E01E06 /* TTCheck */;
			targetProxy = E822D94C1FC2078700E01E06 /* PBXContainerItemProxy */;
		};
		E8B521D71FCE485B00131AEE /* PBXTargetDependency */ = {
			isa = PBXTargetDependency;
			target = E8B521D31FCE485B00131AEE /* TTCheck-wachOS Extension */;
			targetProxy = E8B521D61FCE485B00131AEE /* PBXContainerItemProxy */;
		};
		E8B521E41FCE485B00131AEE /* PBXTargetDependency */ = {
			isa = PBXTargetDependency;
			target = E8B521C71FCE485B00131AEE /* TTCheck-wachOS */;
			targetProxy = E8B521E31FCE485B00131AEE /* PBXContainerItemProxy */;
		};
/* End PBXTargetDependency section */

/* Begin PBXVariantGroup section */
		E822D9301FC2078600E01E06 /* Main.storyboard */ = {
			isa = PBXVariantGroup;
			children = (
				E822D9311FC2078600E01E06 /* Base */,
			);
			name = Main.storyboard;
			sourceTree = "<group>";
		};
		E8B521CA1FCE485B00131AEE /* Interface.storyboard */ = {
			isa = PBXVariantGroup;
			children = (
				E8B521CB1FCE485B00131AEE /* Base */,
			);
			name = Interface.storyboard;
			sourceTree = "<group>";
		};
/* End PBXVariantGroup section */

/* Begin XCBuildConfiguration section */
		E822D9521FC2078700E01E06 /* Debug */ = {
			isa = XCBuildConfiguration;
			buildSettings = {
				ALWAYS_SEARCH_USER_PATHS = NO;
				CLANG_ANALYZER_NONNULL = YES;
				CLANG_ANALYZER_NUMBER_OBJECT_CONVERSION = YES_AGGRESSIVE;
				CLANG_CXX_LANGUAGE_STANDARD = "gnu++14";
				CLANG_CXX_LIBRARY = "libc++";
				CLANG_ENABLE_MODULES = YES;
				CLANG_ENABLE_OBJC_ARC = YES;
				CLANG_WARN_BLOCK_CAPTURE_AUTORELEASING = YES;
				CLANG_WARN_BOOL_CONVERSION = YES;
				CLANG_WARN_COMMA = YES;
				CLANG_WARN_CONSTANT_CONVERSION = YES;
				CLANG_WARN_DIRECT_OBJC_ISA_USAGE = YES_ERROR;
				CLANG_WARN_DOCUMENTATION_COMMENTS = YES;
				CLANG_WARN_EMPTY_BODY = YES;
				CLANG_WARN_ENUM_CONVERSION = YES;
				CLANG_WARN_INFINITE_RECURSION = YES;
				CLANG_WARN_INT_CONVERSION = YES;
				CLANG_WARN_NON_LITERAL_NULL_CONVERSION = YES;
				CLANG_WARN_OBJC_LITERAL_CONVERSION = YES;
				CLANG_WARN_OBJC_ROOT_CLASS = YES_ERROR;
				CLANG_WARN_RANGE_LOOP_ANALYSIS = YES;
				CLANG_WARN_STRICT_PROTOTYPES = YES;
				CLANG_WARN_SUSPICIOUS_MOVE = YES;
				CLANG_WARN_UNGUARDED_AVAILABILITY = YES_AGGRESSIVE;
				CLANG_WARN_UNREACHABLE_CODE = YES;
				CLANG_WARN__DUPLICATE_METHOD_MATCH = YES;
				CODE_SIGN_IDENTITY = "iPhone Developer";
				COPY_PHASE_STRIP = NO;
				CURRENT_PROJECT_VERSION = 37;
				DEBUG_INFORMATION_FORMAT = dwarf;
				ENABLE_STRICT_OBJC_MSGSEND = YES;
				ENABLE_TESTABILITY = YES;
				GCC_C_LANGUAGE_STANDARD = gnu11;
				GCC_DYNAMIC_NO_PIC = NO;
				GCC_NO_COMMON_BLOCKS = YES;
				GCC_OPTIMIZATION_LEVEL = 0;
				GCC_PREPROCESSOR_DEFINITIONS = (
					"DEBUG=1",
					"$(inherited)",
				);
				GCC_WARN_64_TO_32_BIT_CONVERSION = YES;
				GCC_WARN_ABOUT_RETURN_TYPE = YES_ERROR;
				GCC_WARN_UNDECLARED_SELECTOR = YES;
				GCC_WARN_UNINITIALIZED_AUTOS = YES_AGGRESSIVE;
				GCC_WARN_UNUSED_FUNCTION = YES;
				GCC_WARN_UNUSED_VARIABLE = YES;
				IPHONEOS_DEPLOYMENT_TARGET = 10.0;
				MTL_ENABLE_DEBUG_INFO = YES;
				ONLY_ACTIVE_ARCH = YES;
				SDKROOT = iphoneos;
				SWIFT_ACTIVE_COMPILATION_CONDITIONS = DEBUG;
				SWIFT_OPTIMIZATION_LEVEL = "-Onone";
				VERSIONING_SYSTEM = "apple-generic";
			};
			name = Debug;
		};
		E822D9531FC2078700E01E06 /* Release */ = {
			isa = XCBuildConfiguration;
			buildSettings = {
				ALWAYS_SEARCH_USER_PATHS = NO;
				CLANG_ANALYZER_NONNULL = YES;
				CLANG_ANALYZER_NUMBER_OBJECT_CONVERSION = YES_AGGRESSIVE;
				CLANG_CXX_LANGUAGE_STANDARD = "gnu++14";
				CLANG_CXX_LIBRARY = "libc++";
				CLANG_ENABLE_MODULES = YES;
				CLANG_ENABLE_OBJC_ARC = YES;
				CLANG_WARN_BLOCK_CAPTURE_AUTORELEASING = YES;
				CLANG_WARN_BOOL_CONVERSION = YES;
				CLANG_WARN_COMMA = YES;
				CLANG_WARN_CONSTANT_CONVERSION = YES;
				CLANG_WARN_DIRECT_OBJC_ISA_USAGE = YES_ERROR;
				CLANG_WARN_DOCUMENTATION_COMMENTS = YES;
				CLANG_WARN_EMPTY_BODY = YES;
				CLANG_WARN_ENUM_CONVERSION = YES;
				CLANG_WARN_INFINITE_RECURSION = YES;
				CLANG_WARN_INT_CONVERSION = YES;
				CLANG_WARN_NON_LITERAL_NULL_CONVERSION = YES;
				CLANG_WARN_OBJC_LITERAL_CONVERSION = YES;
				CLANG_WARN_OBJC_ROOT_CLASS = YES_ERROR;
				CLANG_WARN_RANGE_LOOP_ANALYSIS = YES;
				CLANG_WARN_STRICT_PROTOTYPES = YES;
				CLANG_WARN_SUSPICIOUS_MOVE = YES;
				CLANG_WARN_UNGUARDED_AVAILABILITY = YES_AGGRESSIVE;
				CLANG_WARN_UNREACHABLE_CODE = YES;
				CLANG_WARN__DUPLICATE_METHOD_MATCH = YES;
				CODE_SIGN_IDENTITY = "iPhone Developer";
				COPY_PHASE_STRIP = NO;
				CURRENT_PROJECT_VERSION = 37;
				DEBUG_INFORMATION_FORMAT = "dwarf-with-dsym";
				ENABLE_NS_ASSERTIONS = NO;
				ENABLE_STRICT_OBJC_MSGSEND = YES;
				GCC_C_LANGUAGE_STANDARD = gnu11;
				GCC_NO_COMMON_BLOCKS = YES;
				GCC_WARN_64_TO_32_BIT_CONVERSION = YES;
				GCC_WARN_ABOUT_RETURN_TYPE = YES_ERROR;
				GCC_WARN_UNDECLARED_SELECTOR = YES;
				GCC_WARN_UNINITIALIZED_AUTOS = YES_AGGRESSIVE;
				GCC_WARN_UNUSED_FUNCTION = YES;
				GCC_WARN_UNUSED_VARIABLE = YES;
				IPHONEOS_DEPLOYMENT_TARGET = 10.0;
				MTL_ENABLE_DEBUG_INFO = NO;
				SDKROOT = iphoneos;
				SWIFT_OPTIMIZATION_LEVEL = "-Owholemodule";
				VALIDATE_PRODUCT = YES;
				VERSIONING_SYSTEM = "apple-generic";
			};
			name = Release;
		};
		E822D9551FC2078700E01E06 /* Debug */ = {
			isa = XCBuildConfiguration;
			baseConfigurationReference = CD7C8D5475E6E8FDC5E29A73 /* Pods-TTCheck.debug.xcconfig */;
			buildSettings = {
				ASSETCATALOG_COMPILER_APPICON_NAME = AppIcon;
				ASSETCATALOG_COMPILER_LAUNCHIMAGE_NAME = LaunchImage;
				CODE_SIGN_ENTITLEMENTS = TTCheck/TTCheck.entitlements;
				"CODE_SIGN_IDENTITY[sdk=iphoneos*]" = "iPhone Developer";
				CODE_SIGN_STYLE = Automatic;
				DEVELOPMENT_TEAM = 9DMM723BKP;
				INFOPLIST_FILE = TTCheck/Info.plist;
				IPHONEOS_DEPLOYMENT_TARGET = 10.0;
				LD_RUNPATH_SEARCH_PATHS = "$(inherited) @executable_path/Frameworks";
				PRODUCT_BUNDLE_IDENTIFIER = juanpabloghelfi.TTCheck;
				PRODUCT_NAME = "$(TARGET_NAME)";
				PROVISIONING_PROFILE = "";
				PROVISIONING_PROFILE_SPECIFIER = "";
				SWIFT_VERSION = 4.0;
				TARGETED_DEVICE_FAMILY = 1;
			};
			name = Debug;
		};
		E822D9561FC2078700E01E06 /* Release */ = {
			isa = XCBuildConfiguration;
			baseConfigurationReference = 54695CF465022CE3D98A0950 /* Pods-TTCheck.release.xcconfig */;
			buildSettings = {
				ASSETCATALOG_COMPILER_APPICON_NAME = AppIcon;
				ASSETCATALOG_COMPILER_LAUNCHIMAGE_NAME = LaunchImage;
				CODE_SIGN_ENTITLEMENTS = TTCheck/TTCheck.entitlements;
				"CODE_SIGN_IDENTITY[sdk=iphoneos*]" = "iPhone Developer";
				CODE_SIGN_STYLE = Automatic;
				DEVELOPMENT_TEAM = 9DMM723BKP;
				INFOPLIST_FILE = TTCheck/Info.plist;
				IPHONEOS_DEPLOYMENT_TARGET = 10.0;
				LD_RUNPATH_SEARCH_PATHS = "$(inherited) @executable_path/Frameworks";
				PRODUCT_BUNDLE_IDENTIFIER = juanpabloghelfi.TTCheck;
				PRODUCT_NAME = "$(TARGET_NAME)";
				PROVISIONING_PROFILE = "";
				PROVISIONING_PROFILE_SPECIFIER = "";
				SWIFT_VERSION = 4.0;
				TARGETED_DEVICE_FAMILY = 1;
			};
			name = Release;
		};
		E822D9581FC2078700E01E06 /* Debug */ = {
			isa = XCBuildConfiguration;
			baseConfigurationReference = 441545D32CEC69C6F3573502 /* Pods-TTCheckTests.debug.xcconfig */;
			buildSettings = {
				ALWAYS_EMBED_SWIFT_STANDARD_LIBRARIES = YES;
				BUNDLE_LOADER = "$(TEST_HOST)";
				CODE_SIGN_STYLE = Automatic;
				DEVELOPMENT_TEAM = 9DMM723BKP;
				INFOPLIST_FILE = TTCheckTests/Info.plist;
				LD_RUNPATH_SEARCH_PATHS = "$(inherited) @executable_path/Frameworks @loader_path/Frameworks";
				PRODUCT_BUNDLE_IDENTIFIER = jpg.TTCheckTests;
				PRODUCT_NAME = "$(TARGET_NAME)";
				SWIFT_VERSION = 4.0;
				TARGETED_DEVICE_FAMILY = "1,2";
				TEST_HOST = "$(BUILT_PRODUCTS_DIR)/TTCheck.app/TTCheck";
			};
			name = Debug;
		};
		E822D9591FC2078700E01E06 /* Release */ = {
			isa = XCBuildConfiguration;
			baseConfigurationReference = D38D6378EB761C38899030CB /* Pods-TTCheckTests.release.xcconfig */;
			buildSettings = {
				ALWAYS_EMBED_SWIFT_STANDARD_LIBRARIES = YES;
				BUNDLE_LOADER = "$(TEST_HOST)";
				CODE_SIGN_STYLE = Automatic;
				DEVELOPMENT_TEAM = 9DMM723BKP;
				INFOPLIST_FILE = TTCheckTests/Info.plist;
				LD_RUNPATH_SEARCH_PATHS = "$(inherited) @executable_path/Frameworks @loader_path/Frameworks";
				PRODUCT_BUNDLE_IDENTIFIER = jpg.TTCheckTests;
				PRODUCT_NAME = "$(TARGET_NAME)";
				SWIFT_VERSION = 4.0;
				TARGETED_DEVICE_FAMILY = "1,2";
				TEST_HOST = "$(BUILT_PRODUCTS_DIR)/TTCheck.app/TTCheck";
			};
			name = Release;
		};
		E822D95B1FC2078700E01E06 /* Debug */ = {
			isa = XCBuildConfiguration;
			baseConfigurationReference = 916E3DD5D6D8186485F62F97 /* Pods-TTCheckUITests.debug.xcconfig */;
			buildSettings = {
				ALWAYS_EMBED_SWIFT_STANDARD_LIBRARIES = YES;
				CODE_SIGN_STYLE = Automatic;
				DEVELOPMENT_TEAM = 9DMM723BKP;
				INFOPLIST_FILE = TTCheckUITests/Info.plist;
				LD_RUNPATH_SEARCH_PATHS = "$(inherited) @executable_path/Frameworks @loader_path/Frameworks";
				PRODUCT_BUNDLE_IDENTIFIER = jpg.TTCheckUITests;
				PRODUCT_NAME = "$(TARGET_NAME)";
				SWIFT_VERSION = 4.0;
				TARGETED_DEVICE_FAMILY = "1,2";
				TEST_TARGET_NAME = TTCheck;
			};
			name = Debug;
		};
		E822D95C1FC2078700E01E06 /* Release */ = {
			isa = XCBuildConfiguration;
			baseConfigurationReference = 9C92A169C843208D1884E642 /* Pods-TTCheckUITests.release.xcconfig */;
			buildSettings = {
				ALWAYS_EMBED_SWIFT_STANDARD_LIBRARIES = YES;
				CODE_SIGN_STYLE = Automatic;
				DEVELOPMENT_TEAM = 9DMM723BKP;
				INFOPLIST_FILE = TTCheckUITests/Info.plist;
				LD_RUNPATH_SEARCH_PATHS = "$(inherited) @executable_path/Frameworks @loader_path/Frameworks";
				PRODUCT_BUNDLE_IDENTIFIER = jpg.TTCheckUITests;
				PRODUCT_NAME = "$(TARGET_NAME)";
				SWIFT_VERSION = 4.0;
				TARGETED_DEVICE_FAMILY = "1,2";
				TEST_TARGET_NAME = TTCheck;
			};
			name = Release;
		};
		E8B521E71FCE485B00131AEE /* Debug */ = {
			isa = XCBuildConfiguration;
			baseConfigurationReference = E0528CD373E5CAC855FD3651 /* Pods-TTCheck-wachOS Extension.debug.xcconfig */;
			buildSettings = {
				ASSETCATALOG_COMPILER_COMPLICATION_NAME = Complication;
				"CODE_SIGN_IDENTITY[sdk=watchos*]" = "iPhone Developer";
				CODE_SIGN_STYLE = Automatic;
				DEVELOPMENT_TEAM = 9DMM723BKP;
				INFOPLIST_FILE = "TTCheck-wachOS Extension/Info.plist";
				LD_RUNPATH_SEARCH_PATHS = "$(inherited) @executable_path/Frameworks @executable_path/../../Frameworks";
				PRODUCT_BUNDLE_IDENTIFIER = juanpabloghelfi.TTCheck.watchkitapp.watchkitextension;
				PRODUCT_NAME = "${TARGET_NAME}";
				PROVISIONING_PROFILE_SPECIFIER = "";
				SDKROOT = watchos;
				SKIP_INSTALL = YES;
				SWIFT_VERSION = 4.0;
				TARGETED_DEVICE_FAMILY = 4;
				WATCHOS_DEPLOYMENT_TARGET = 4.0;
			};
			name = Debug;
		};
		E8B521E81FCE485B00131AEE /* Release */ = {
			isa = XCBuildConfiguration;
			baseConfigurationReference = C728DCC444AC439E83705783 /* Pods-TTCheck-wachOS Extension.release.xcconfig */;
			buildSettings = {
				ASSETCATALOG_COMPILER_COMPLICATION_NAME = Complication;
				"CODE_SIGN_IDENTITY[sdk=watchos*]" = "iPhone Developer";
				CODE_SIGN_STYLE = Automatic;
				DEVELOPMENT_TEAM = 9DMM723BKP;
				INFOPLIST_FILE = "TTCheck-wachOS Extension/Info.plist";
				LD_RUNPATH_SEARCH_PATHS = "$(inherited) @executable_path/Frameworks @executable_path/../../Frameworks";
				PRODUCT_BUNDLE_IDENTIFIER = juanpabloghelfi.TTCheck.watchkitapp.watchkitextension;
				PRODUCT_NAME = "${TARGET_NAME}";
				PROVISIONING_PROFILE_SPECIFIER = "";
				SDKROOT = watchos;
				SKIP_INSTALL = YES;
				SWIFT_VERSION = 4.0;
				TARGETED_DEVICE_FAMILY = 4;
				WATCHOS_DEPLOYMENT_TARGET = 4.0;
			};
			name = Release;
		};
		E8B521EB1FCE485B00131AEE /* Debug */ = {
			isa = XCBuildConfiguration;
			buildSettings = {
				ALWAYS_EMBED_SWIFT_STANDARD_LIBRARIES = NO;
				ASSETCATALOG_COMPILER_APPICON_NAME = AppIcon;
				CODE_SIGN_STYLE = Automatic;
				DEVELOPMENT_TEAM = 9DMM723BKP;
				IBSC_MODULE = TTCheck_wachOS_Extension;
				INFOPLIST_FILE = "TTCheck-wachOS/Info.plist";
				PRODUCT_BUNDLE_IDENTIFIER = juanpabloghelfi.TTCheck.watchkitapp;
				PRODUCT_NAME = "$(TARGET_NAME)";
				SDKROOT = watchos;
				SKIP_INSTALL = YES;
				SWIFT_VERSION = 4.0;
				TARGETED_DEVICE_FAMILY = 4;
				WATCHOS_DEPLOYMENT_TARGET = 4.0;
			};
			name = Debug;
		};
		E8B521EC1FCE485B00131AEE /* Release */ = {
			isa = XCBuildConfiguration;
			buildSettings = {
				ALWAYS_EMBED_SWIFT_STANDARD_LIBRARIES = NO;
				ASSETCATALOG_COMPILER_APPICON_NAME = AppIcon;
				CODE_SIGN_STYLE = Automatic;
				DEVELOPMENT_TEAM = 9DMM723BKP;
				IBSC_MODULE = TTCheck_wachOS_Extension;
				INFOPLIST_FILE = "TTCheck-wachOS/Info.plist";
				PRODUCT_BUNDLE_IDENTIFIER = juanpabloghelfi.TTCheck.watchkitapp;
				PRODUCT_NAME = "$(TARGET_NAME)";
				SDKROOT = watchos;
				SKIP_INSTALL = YES;
				SWIFT_VERSION = 4.0;
				TARGETED_DEVICE_FAMILY = 4;
				WATCHOS_DEPLOYMENT_TARGET = 4.0;
			};
			name = Release;
		};
/* End XCBuildConfiguration section */

/* Begin XCConfigurationList section */
		E822D9241FC2078600E01E06 /* Build configuration list for PBXProject "TTCheck" */ = {
			isa = XCConfigurationList;
			buildConfigurations = (
				E822D9521FC2078700E01E06 /* Debug */,
				E822D9531FC2078700E01E06 /* Release */,
			);
			defaultConfigurationIsVisible = 0;
			defaultConfigurationName = Release;
		};
		E822D9541FC2078700E01E06 /* Build configuration list for PBXNativeTarget "TTCheck" */ = {
			isa = XCConfigurationList;
			buildConfigurations = (
				E822D9551FC2078700E01E06 /* Debug */,
				E822D9561FC2078700E01E06 /* Release */,
			);
			defaultConfigurationIsVisible = 0;
			defaultConfigurationName = Release;
		};
		E822D9571FC2078700E01E06 /* Build configuration list for PBXNativeTarget "TTCheckTests" */ = {
			isa = XCConfigurationList;
			buildConfigurations = (
				E822D9581FC2078700E01E06 /* Debug */,
				E822D9591FC2078700E01E06 /* Release */,
			);
			defaultConfigurationIsVisible = 0;
			defaultConfigurationName = Release;
		};
		E822D95A1FC2078700E01E06 /* Build configuration list for PBXNativeTarget "TTCheckUITests" */ = {
			isa = XCConfigurationList;
			buildConfigurations = (
				E822D95B1FC2078700E01E06 /* Debug */,
				E822D95C1FC2078700E01E06 /* Release */,
			);
			defaultConfigurationIsVisible = 0;
			defaultConfigurationName = Release;
		};
		E8B521E61FCE485B00131AEE /* Build configuration list for PBXNativeTarget "TTCheck-wachOS Extension" */ = {
			isa = XCConfigurationList;
			buildConfigurations = (
				E8B521E71FCE485B00131AEE /* Debug */,
				E8B521E81FCE485B00131AEE /* Release */,
			);
			defaultConfigurationIsVisible = 0;
			defaultConfigurationName = Release;
		};
		E8B521EA1FCE485B00131AEE /* Build configuration list for PBXNativeTarget "TTCheck-wachOS" */ = {
			isa = XCConfigurationList;
			buildConfigurations = (
				E8B521EB1FCE485B00131AEE /* Debug */,
				E8B521EC1FCE485B00131AEE /* Release */,
			);
			defaultConfigurationIsVisible = 0;
			defaultConfigurationName = Release;
		};
/* End XCConfigurationList section */

/* Begin XCVersionGroup section */
		E822D9331FC2078600E01E06 /* TTCheck.xcdatamodeld */ = {
			isa = XCVersionGroup;
			children = (
				E822D9341FC2078600E01E06 /* TTCheck.xcdatamodel */,
			);
			currentVersion = E822D9341FC2078600E01E06 /* TTCheck.xcdatamodel */;
			path = TTCheck.xcdatamodeld;
			sourceTree = "<group>";
			versionGroupType = wrapper.xcdatamodel;
		};
/* End XCVersionGroup section */
	};
	rootObject = E822D9211FC2078600E01E06 /* Project object */;
}
